
Microsoft Visual Studio Solution File, Format Version 12.00
# Visual Studio Version 17
VisualStudioVersion = 17.11.35327.3
MinimumVisualStudioVersion = 10.0.40219.1
Project("{FAE04EC0-301F-11D3-BF4B-00C04F79EFBC}") = "ValidationControl", "ValidationControl\ValidationControl.csproj", "{F6F1B103-EDA5-4EE8-8D51-B3C2980CBC2F}"
EndProject
Project("{FAE04EC0-301F-11D3-BF4B-00C04F79EFBC}") = "DemoApp", "DemoApp\DemoApp.csproj", "{3E70EBDF-738D-469C-8C61-13918B78D124}"
EndProject
Global
	GlobalSection(SolutionConfigurationPlatforms) = preSolution
		Debug|Any CPU = Debug|Any CPU
		NugetRelease|Any CPU = NugetRelease|Any CPU
		Release|Any CPU = Release|Any CPU
	EndGlobalSection
	GlobalSection(ProjectConfigurationPlatforms) = postSolution
		{F6F1B103-EDA5-4EE8-8D51-B3C2980CBC2F}.Debug|Any CPU.ActiveCfg = Debug|Any CPU
		{F6F1B103-EDA5-4EE8-8D51-B3C2980CBC2F}.Debug|Any CPU.Build.0 = Debug|Any CPU
		{F6F1B103-EDA5-4EE8-8D51-B3C2980CBC2F}.NugetRelease|Any CPU.ActiveCfg = NugetRelease|Any CPU
		{F6F1B103-EDA5-4EE8-8D51-B3C2980CBC2F}.NugetRelease|Any CPU.Build.0 = NugetRelease|Any CPU
		{F6F1B103-EDA5-4EE8-8D51-B3C2980CBC2F}.Release|Any CPU.ActiveCfg = Release|Any CPU
		{F6F1B103-EDA5-4EE8-8D51-B3C2980CBC2F}.Release|Any CPU.Build.0 = Release|Any CPU
		{3E70EBDF-738D-469C-8C61-13918B78D124}.Debug|Any CPU.ActiveCfg = Debug|Any CPU
		{3E70EBDF-738D-469C-8C61-13918B78D124}.Debug|Any CPU.Build.0 = Debug|Any CPU
		{3E70EBDF-738D-469C-8C61-13918B78D124}.Debug|Any CPU.Deploy.0 = Debug|Any CPU
		{3E70EBDF-738D-469C-8C61-13918B78D124}.NugetRelease|Any CPU.ActiveCfg = NugetRelease|Any CPU
		{3E70EBDF-738D-469C-8C61-13918B78D124}.Release|Any CPU.ActiveCfg = Release|Any CPU
	EndGlobalSection
	GlobalSection(SolutionProperties) = preSolution
		HideSolutionNode = FALSE
	EndGlobalSection
	GlobalSection(ExtensibilityGlobals) = postSolution
		SolutionGuid = {89008552-D661-432A-A706-827756AF1993}
	EndGlobalSection
EndGlobal
